// !$*UTF8*$!
{
	archiveVersion = 1;
	classes = {
	};
	objectVersion = 50;
	objects = {

/* Begin PBXBuildFile section */
		8D2938EC261F3F6000A91741 /* EntryCell.swift in Sources */ = {isa = PBXBuildFile; fileRef = 8D2938EA261F3F6000A91741 /* EntryCell.swift */; };
		8D2938ED261F3F6000A91741 /* EntryCell.xib in Resources */ = {isa = PBXBuildFile; fileRef = 8D2938EB261F3F6000A91741 /* EntryCell.xib */; };
		8D4AED4C261CA05C009A7EA9 /* AppDelegate.swift in Sources */ = {isa = PBXBuildFile; fileRef = 8D4AED4B261CA05C009A7EA9 /* AppDelegate.swift */; };
		8D4AED4E261CA05C009A7EA9 /* SceneDelegate.swift in Sources */ = {isa = PBXBuildFile; fileRef = 8D4AED4D261CA05C009A7EA9 /* SceneDelegate.swift */; };
		8D4AED50261CA05C009A7EA9 /* TopEntriesViewController.swift in Sources */ = {isa = PBXBuildFile; fileRef = 8D4AED4F261CA05C009A7EA9 /* TopEntriesViewController.swift */; };
		8D4AED53261CA05C009A7EA9 /* Main.storyboard in Resources */ = {isa = PBXBuildFile; fileRef = 8D4AED51261CA05C009A7EA9 /* Main.storyboard */; };
		8D4AED55261CA05E009A7EA9 /* Assets.xcassets in Resources */ = {isa = PBXBuildFile; fileRef = 8D4AED54261CA05E009A7EA9 /* Assets.xcassets */; };
		8D4AED58261CA05E009A7EA9 /* LaunchScreen.storyboard in Resources */ = {isa = PBXBuildFile; fileRef = 8D4AED56261CA05E009A7EA9 /* LaunchScreen.storyboard */; };
		8D4AED63261CA05E009A7EA9 /* ReddigetTests.swift in Sources */ = {isa = PBXBuildFile; fileRef = 8D4AED62261CA05E009A7EA9 /* ReddigetTests.swift */; };
		8D4AED6E261CA05E009A7EA9 /* ReddigetUITests.swift in Sources */ = {isa = PBXBuildFile; fileRef = 8D4AED6D261CA05E009A7EA9 /* ReddigetUITests.swift */; };
		8D4CFF8C261DF2BD008757AA /* RedditService.swift in Sources */ = {isa = PBXBuildFile; fileRef = 8D4CFF8B261DF2BD008757AA /* RedditService.swift */; };
		8D4CFF91261DF90F008757AA /* RedditData.swift in Sources */ = {isa = PBXBuildFile; fileRef = 8D4CFF90261DF90F008757AA /* RedditData.swift */; };
		8D4CFF96261DFCB2008757AA /* TopEntriesViewModel.swift in Sources */ = {isa = PBXBuildFile; fileRef = 8D4CFF95261DFCB2008757AA /* TopEntriesViewModel.swift */; };
/* End PBXBuildFile section */

/* Begin PBXContainerItemProxy section */
		8D4AED5F261CA05E009A7EA9 /* PBXContainerItemProxy */ = {
			isa = PBXContainerItemProxy;
			containerPortal = 8D4AED40261CA05C009A7EA9 /* Project object */;
			proxyType = 1;
			remoteGlobalIDString = 8D4AED47261CA05C009A7EA9;
			remoteInfo = Reddiget;
		};
		8D4AED6A261CA05E009A7EA9 /* PBXContainerItemProxy */ = {
			isa = PBXContainerItemProxy;
			containerPortal = 8D4AED40261CA05C009A7EA9 /* Project object */;
			proxyType = 1;
			remoteGlobalIDString = 8D4AED47261CA05C009A7EA9;
			remoteInfo = Reddiget;
		};
/* End PBXContainerItemProxy section */

/* Begin PBXFileReference section */
		8D2938EA261F3F6000A91741 /* EntryCell.swift */ = {isa = PBXFileReference; lastKnownFileType = sourcecode.swift; path = EntryCell.swift; sourceTree = "<group>"; };
		8D2938EB261F3F6000A91741 /* EntryCell.xib */ = {isa = PBXFileReference; lastKnownFileType = file.xib; path = EntryCell.xib; sourceTree = "<group>"; };
		8D4AED48261CA05C009A7EA9 /* Reddiget.app */ = {isa = PBXFileReference; explicitFileType = wrapper.application; includeInIndex = 0; path = Reddiget.app; sourceTree = BUILT_PRODUCTS_DIR; };
		8D4AED4B261CA05C009A7EA9 /* AppDelegate.swift */ = {isa = PBXFileReference; lastKnownFileType = sourcecode.swift; path = AppDelegate.swift; sourceTree = "<group>"; };
		8D4AED4D261CA05C009A7EA9 /* SceneDelegate.swift */ = {isa = PBXFileReference; lastKnownFileType = sourcecode.swift; path = SceneDelegate.swift; sourceTree = "<group>"; };
		8D4AED4F261CA05C009A7EA9 /* TopEntriesViewController.swift */ = {isa = PBXFileReference; lastKnownFileType = sourcecode.swift; path = TopEntriesViewController.swift; sourceTree = "<group>"; };
		8D4AED52261CA05C009A7EA9 /* Base */ = {isa = PBXFileReference; lastKnownFileType = file.storyboard; name = Base; path = Base.lproj/Main.storyboard; sourceTree = "<group>"; };
		8D4AED54261CA05E009A7EA9 /* Assets.xcassets */ = {isa = PBXFileReference; lastKnownFileType = folder.assetcatalog; path = Assets.xcassets; sourceTree = "<group>"; };
		8D4AED57261CA05E009A7EA9 /* Base */ = {isa = PBXFileReference; lastKnownFileType = file.storyboard; name = Base; path = Base.lproj/LaunchScreen.storyboard; sourceTree = "<group>"; };
		8D4AED59261CA05E009A7EA9 /* Info.plist */ = {isa = PBXFileReference; lastKnownFileType = text.plist.xml; path = Info.plist; sourceTree = "<group>"; };
		8D4AED5E261CA05E009A7EA9 /* ReddigetTests.xctest */ = {isa = PBXFileReference; explicitFileType = wrapper.cfbundle; includeInIndex = 0; path = ReddigetTests.xctest; sourceTree = BUILT_PRODUCTS_DIR; };
		8D4AED62261CA05E009A7EA9 /* ReddigetTests.swift */ = {isa = PBXFileReference; lastKnownFileType = sourcecode.swift; path = ReddigetTests.swift; sourceTree = "<group>"; };
		8D4AED64261CA05E009A7EA9 /* Info.plist */ = {isa = PBXFileReference; lastKnownFileType = text.plist.xml; path = Info.plist; sourceTree = "<group>"; };
		8D4AED69261CA05E009A7EA9 /* ReddigetUITests.xctest */ = {isa = PBXFileReference; explicitFileType = wrapper.cfbundle; includeInIndex = 0; path = ReddigetUITests.xctest; sourceTree = BUILT_PRODUCTS_DIR; };
		8D4AED6D261CA05E009A7EA9 /* ReddigetUITests.swift */ = {isa = PBXFileReference; lastKnownFileType = sourcecode.swift; path = ReddigetUITests.swift; sourceTree = "<group>"; };
		8D4AED6F261CA05E009A7EA9 /* Info.plist */ = {isa = PBXFileReference; lastKnownFileType = text.plist.xml; path = Info.plist; sourceTree = "<group>"; };
		8D4CFF8B261DF2BD008757AA /* RedditService.swift */ = {isa = PBXFileReference; lastKnownFileType = sourcecode.swift; path = RedditService.swift; sourceTree = "<group>"; };
		8D4CFF90261DF90F008757AA /* RedditData.swift */ = {isa = PBXFileReference; lastKnownFileType = sourcecode.swift; path = RedditData.swift; sourceTree = "<group>"; };
		8D4CFF95261DFCB2008757AA /* TopEntriesViewModel.swift */ = {isa = PBXFileReference; lastKnownFileType = sourcecode.swift; path = TopEntriesViewModel.swift; sourceTree = "<group>"; };
/* End PBXFileReference section */

/* Begin PBXFrameworksBuildPhase section */
		8D4AED45261CA05C009A7EA9 /* Frameworks */ = {
			isa = PBXFrameworksBuildPhase;
			buildActionMask = 2147483647;
			files = (
			);
			runOnlyForDeploymentPostprocessing = 0;
		};
		8D4AED5B261CA05E009A7EA9 /* Frameworks */ = {
			isa = PBXFrameworksBuildPhase;
			buildActionMask = 2147483647;
			files = (
			);
			runOnlyForDeploymentPostprocessing = 0;
		};
		8D4AED66261CA05E009A7EA9 /* Frameworks */ = {
			isa = PBXFrameworksBuildPhase;
			buildActionMask = 2147483647;
			files = (
			);
			runOnlyForDeploymentPostprocessing = 0;
		};
/* End PBXFrameworksBuildPhase section */

/* Begin PBXGroup section */
		8D2938E9261F3F2900A91741 /* EntryCell */ = {
			isa = PBXGroup;
			children = (
				8D2938EA261F3F6000A91741 /* EntryCell.swift */,
				8D2938EB261F3F6000A91741 /* EntryCell.xib */,
			);
			path = EntryCell;
			sourceTree = "<group>";
		};
		8D4AED3F261CA05C009A7EA9 = {
			isa = PBXGroup;
			children = (
				8D4AED4A261CA05C009A7EA9 /* Reddiget */,
				8D4AED61261CA05E009A7EA9 /* ReddigetTests */,
				8D4AED6C261CA05E009A7EA9 /* ReddigetUITests */,
				8D4AED49261CA05C009A7EA9 /* Products */,
			);
			sourceTree = "<group>";
		};
		8D4AED49261CA05C009A7EA9 /* Products */ = {
			isa = PBXGroup;
			children = (
				8D4AED48261CA05C009A7EA9 /* Reddiget.app */,
				8D4AED5E261CA05E009A7EA9 /* ReddigetTests.xctest */,
				8D4AED69261CA05E009A7EA9 /* ReddigetUITests.xctest */,
			);
			name = Products;
			sourceTree = "<group>";
		};
		8D4AED4A261CA05C009A7EA9 /* Reddiget */ = {
			isa = PBXGroup;
			children = (
				8D4AED4B261CA05C009A7EA9 /* AppDelegate.swift */,
				8D4AED54261CA05E009A7EA9 /* Assets.xcassets */,
				8D4AED7E261CA392009A7EA9 /* Controllers */,
				8D4AED59261CA05E009A7EA9 /* Info.plist */,
				8D4AED7F261CA398009A7EA9 /* Models */,
				8D4AED4D261CA05C009A7EA9 /* SceneDelegate.swift */,
				8D4AED80261CA39D009A7EA9 /* Services */,
				8D4AED81261CA3A4009A7EA9 /* Storyboards */,
				8D4AED82261CA3AC009A7EA9 /* Utilities */,
				8D4AED83261CA3B2009A7EA9 /* View Models */,
			);
			path = Reddiget;
			sourceTree = "<group>";
		};
		8D4AED61261CA05E009A7EA9 /* ReddigetTests */ = {
			isa = PBXGroup;
			children = (
				8D4AED62261CA05E009A7EA9 /* ReddigetTests.swift */,
				8D4AED64261CA05E009A7EA9 /* Info.plist */,
			);
			path = ReddigetTests;
			sourceTree = "<group>";
		};
		8D4AED6C261CA05E009A7EA9 /* ReddigetUITests */ = {
			isa = PBXGroup;
			children = (
				8D4AED6D261CA05E009A7EA9 /* ReddigetUITests.swift */,
				8D4AED6F261CA05E009A7EA9 /* Info.plist */,
			);
			path = ReddigetUITests;
			sourceTree = "<group>";
		};
		8D4AED7E261CA392009A7EA9 /* Controllers */ = {
			isa = PBXGroup;
			children = (
				8D2938E9261F3F2900A91741 /* EntryCell */,
				8D4AED4F261CA05C009A7EA9 /* TopEntriesViewController.swift */,
			);
			path = Controllers;
			sourceTree = "<group>";
		};
		8D4AED7F261CA398009A7EA9 /* Models */ = {
			isa = PBXGroup;
			children = (
				8D4CFF90261DF90F008757AA /* RedditData.swift */,
			);
			path = Models;
			sourceTree = "<group>";
		};
		8D4AED80261CA39D009A7EA9 /* Services */ = {
			isa = PBXGroup;
			children = (
				8D4CFF8B261DF2BD008757AA /* RedditService.swift */,
			);
			path = Services;
			sourceTree = "<group>";
		};
		8D4AED81261CA3A4009A7EA9 /* Storyboards */ = {
			isa = PBXGroup;
			children = (
				8D4AED56261CA05E009A7EA9 /* LaunchScreen.storyboard */,
				8D4AED51261CA05C009A7EA9 /* Main.storyboard */,
			);
			path = Storyboards;
			sourceTree = "<group>";
		};
		8D4AED82261CA3AC009A7EA9 /* Utilities */ = {
			isa = PBXGroup;
			children = (
			);
			path = Utilities;
			sourceTree = "<group>";
		};
		8D4AED83261CA3B2009A7EA9 /* View Models */ = {
			isa = PBXGroup;
			children = (
				8D4CFF95261DFCB2008757AA /* TopEntriesViewModel.swift */,
			);
			path = "View Models";
			sourceTree = "<group>";
		};
/* End PBXGroup section */

/* Begin PBXNativeTarget section */
		8D4AED47261CA05C009A7EA9 /* Reddiget */ = {
			isa = PBXNativeTarget;
			buildConfigurationList = 8D4AED72261CA05E009A7EA9 /* Build configuration list for PBXNativeTarget "Reddiget" */;
			buildPhases = (
				8D4AED44261CA05C009A7EA9 /* Sources */,
				8D4AED45261CA05C009A7EA9 /* Frameworks */,
				8D4AED46261CA05C009A7EA9 /* Resources */,
			);
			buildRules = (
			);
			dependencies = (
			);
			name = Reddiget;
			productName = Reddiget;
			productReference = 8D4AED48261CA05C009A7EA9 /* Reddiget.app */;
			productType = "com.apple.product-type.application";
		};
		8D4AED5D261CA05E009A7EA9 /* ReddigetTests */ = {
			isa = PBXNativeTarget;
			buildConfigurationList = 8D4AED75261CA05E009A7EA9 /* Build configuration list for PBXNativeTarget "ReddigetTests" */;
			buildPhases = (
				8D4AED5A261CA05E009A7EA9 /* Sources */,
				8D4AED5B261CA05E009A7EA9 /* Frameworks */,
				8D4AED5C261CA05E009A7EA9 /* Resources */,
			);
			buildRules = (
			);
			dependencies = (
				8D4AED60261CA05E009A7EA9 /* PBXTargetDependency */,
			);
			name = ReddigetTests;
			productName = ReddigetTests;
			productReference = 8D4AED5E261CA05E009A7EA9 /* ReddigetTests.xctest */;
			productType = "com.apple.product-type.bundle.unit-test";
		};
		8D4AED68261CA05E009A7EA9 /* ReddigetUITests */ = {
			isa = PBXNativeTarget;
			buildConfigurationList = 8D4AED78261CA05E009A7EA9 /* Build configuration list for PBXNativeTarget "ReddigetUITests" */;
			buildPhases = (
				8D4AED65261CA05E009A7EA9 /* Sources */,
				8D4AED66261CA05E009A7EA9 /* Frameworks */,
				8D4AED67261CA05E009A7EA9 /* Resources */,
			);
			buildRules = (
			);
			dependencies = (
				8D4AED6B261CA05E009A7EA9 /* PBXTargetDependency */,
			);
			name = ReddigetUITests;
			productName = ReddigetUITests;
			productReference = 8D4AED69261CA05E009A7EA9 /* ReddigetUITests.xctest */;
			productType = "com.apple.product-type.bundle.ui-testing";
		};
/* End PBXNativeTarget section */

/* Begin PBXProject section */
		8D4AED40261CA05C009A7EA9 /* Project object */ = {
			isa = PBXProject;
			attributes = {
				LastSwiftUpdateCheck = 1200;
				LastUpgradeCheck = 1200;
				TargetAttributes = {
					8D4AED47261CA05C009A7EA9 = {
						CreatedOnToolsVersion = 12.0.1;
					};
					8D4AED5D261CA05E009A7EA9 = {
						CreatedOnToolsVersion = 12.0.1;
						TestTargetID = 8D4AED47261CA05C009A7EA9;
					};
					8D4AED68261CA05E009A7EA9 = {
						CreatedOnToolsVersion = 12.0.1;
						TestTargetID = 8D4AED47261CA05C009A7EA9;
					};
				};
			};
			buildConfigurationList = 8D4AED43261CA05C009A7EA9 /* Build configuration list for PBXProject "Reddiget" */;
			compatibilityVersion = "Xcode 9.3";
			developmentRegion = en;
			hasScannedForEncodings = 0;
			knownRegions = (
				en,
				Base,
			);
			mainGroup = 8D4AED3F261CA05C009A7EA9;
			productRefGroup = 8D4AED49261CA05C009A7EA9 /* Products */;
			projectDirPath = "";
			projectRoot = "";
			targets = (
				8D4AED47261CA05C009A7EA9 /* Reddiget */,
				8D4AED5D261CA05E009A7EA9 /* ReddigetTests */,
				8D4AED68261CA05E009A7EA9 /* ReddigetUITests */,
			);
		};
/* End PBXProject section */

/* Begin PBXResourcesBuildPhase section */
		8D4AED46261CA05C009A7EA9 /* Resources */ = {
			isa = PBXResourcesBuildPhase;
			buildActionMask = 2147483647;
			files = (
				8D2938ED261F3F6000A91741 /* EntryCell.xib in Resources */,
				8D4AED58261CA05E009A7EA9 /* LaunchScreen.storyboard in Resources */,
				8D4AED55261CA05E009A7EA9 /* Assets.xcassets in Resources */,
				8D4AED53261CA05C009A7EA9 /* Main.storyboard in Resources */,
			);
			runOnlyForDeploymentPostprocessing = 0;
		};
		8D4AED5C261CA05E009A7EA9 /* Resources */ = {
			isa = PBXResourcesBuildPhase;
			buildActionMask = 2147483647;
			files = (
			);
			runOnlyForDeploymentPostprocessing = 0;
		};
		8D4AED67261CA05E009A7EA9 /* Resources */ = {
			isa = PBXResourcesBuildPhase;
			buildActionMask = 2147483647;
			files = (
			);
			runOnlyForDeploymentPostprocessing = 0;
		};
/* End PBXResourcesBuildPhase section */

/* Begin PBXSourcesBuildPhase section */
		8D4AED44261CA05C009A7EA9 /* Sources */ = {
			isa = PBXSourcesBuildPhase;
			buildActionMask = 2147483647;
			files = (
				8D4AED50261CA05C009A7EA9 /* TopEntriesViewController.swift in Sources */,
				8D4CFF96261DFCB2008757AA /* TopEntriesViewModel.swift in Sources */,
				8D4AED4C261CA05C009A7EA9 /* AppDelegate.swift in Sources */,
				8D4AED4E261CA05C009A7EA9 /* SceneDelegate.swift in Sources */,
				8D2938EC261F3F6000A91741 /* EntryCell.swift in Sources */,
				8D4CFF8C261DF2BD008757AA /* RedditService.swift in Sources */,
				8D4CFF91261DF90F008757AA /* RedditData.swift in Sources */,
			);
			runOnlyForDeploymentPostprocessing = 0;
		};
		8D4AED5A261CA05E009A7EA9 /* Sources */ = {
			isa = PBXSourcesBuildPhase;
			buildActionMask = 2147483647;
			files = (
				8D4AED63261CA05E009A7EA9 /* ReddigetTests.swift in Sources */,
			);
			runOnlyForDeploymentPostprocessing = 0;
		};
		8D4AED65261CA05E009A7EA9 /* Sources */ = {
			isa = PBXSourcesBuildPhase;
			buildActionMask = 2147483647;
			files = (
				8D4AED6E261CA05E009A7EA9 /* ReddigetUITests.swift in Sources */,
			);
			runOnlyForDeploymentPostprocessing = 0;
		};
/* End PBXSourcesBuildPhase section */

/* Begin PBXTargetDependency section */
		8D4AED60261CA05E009A7EA9 /* PBXTargetDependency */ = {
			isa = PBXTargetDependency;
			target = 8D4AED47261CA05C009A7EA9 /* Reddiget */;
			targetProxy = 8D4AED5F261CA05E009A7EA9 /* PBXContainerItemProxy */;
		};
		8D4AED6B261CA05E009A7EA9 /* PBXTargetDependency */ = {
			isa = PBXTargetDependency;
			target = 8D4AED47261CA05C009A7EA9 /* Reddiget */;
			targetProxy = 8D4AED6A261CA05E009A7EA9 /* PBXContainerItemProxy */;
		};
/* End PBXTargetDependency section */

/* Begin PBXVariantGroup section */
		8D4AED51261CA05C009A7EA9 /* Main.storyboard */ = {
			isa = PBXVariantGroup;
			children = (
				8D4AED52261CA05C009A7EA9 /* Base */,
			);
			name = Main.storyboard;
			sourceTree = "<group>";
		};
		8D4AED56261CA05E009A7EA9 /* LaunchScreen.storyboard */ = {
			isa = PBXVariantGroup;
			children = (
				8D4AED57261CA05E009A7EA9 /* Base */,
			);
			name = LaunchScreen.storyboard;
			sourceTree = "<group>";
		};
/* End PBXVariantGroup section */

/* Begin XCBuildConfiguration section */
		8D4AED70261CA05E009A7EA9 /* Debug */ = {
			isa = XCBuildConfiguration;
			buildSettings = {
				ALWAYS_SEARCH_USER_PATHS = NO;
				CLANG_ANALYZER_NONNULL = YES;
				CLANG_ANALYZER_NUMBER_OBJECT_CONVERSION = YES_AGGRESSIVE;
				CLANG_CXX_LANGUAGE_STANDARD = "gnu++14";
				CLANG_CXX_LIBRARY = "libc++";
				CLANG_ENABLE_MODULES = YES;
				CLANG_ENABLE_OBJC_ARC = YES;
				CLANG_ENABLE_OBJC_WEAK = YES;
				CLANG_WARN_BLOCK_CAPTURE_AUTORELEASING = YES;
				CLANG_WARN_BOOL_CONVERSION = YES;
				CLANG_WARN_COMMA = YES;
				CLANG_WARN_CONSTANT_CONVERSION = YES;
				CLANG_WARN_DEPRECATED_OBJC_IMPLEMENTATIONS = YES;
				CLANG_WARN_DIRECT_OBJC_ISA_USAGE = YES_ERROR;
				CLANG_WARN_DOCUMENTATION_COMMENTS = YES;
				CLANG_WARN_EMPTY_BODY = YES;
				CLANG_WARN_ENUM_CONVERSION = YES;
				CLANG_WARN_INFINITE_RECURSION = YES;
				CLANG_WARN_INT_CONVERSION = YES;
				CLANG_WARN_NON_LITERAL_NULL_CONVERSION = YES;
				CLANG_WARN_OBJC_IMPLICIT_RETAIN_SELF = YES;
				CLANG_WARN_OBJC_LITERAL_CONVERSION = YES;
				CLANG_WARN_OBJC_ROOT_CLASS = YES_ERROR;
				CLANG_WARN_QUOTED_INCLUDE_IN_FRAMEWORK_HEADER = YES;
				CLANG_WARN_RANGE_LOOP_ANALYSIS = YES;
				CLANG_WARN_STRICT_PROTOTYPES = YES;
				CLANG_WARN_SUSPICIOUS_MOVE = YES;
				CLANG_WARN_UNGUARDED_AVAILABILITY = YES_AGGRESSIVE;
				CLANG_WARN_UNREACHABLE_CODE = YES;
				CLANG_WARN__DUPLICATE_METHOD_MATCH = YES;
				COPY_PHASE_STRIP = NO;
				DEBUG_INFORMATION_FORMAT = dwarf;
				ENABLE_STRICT_OBJC_MSGSEND = YES;
				ENABLE_TESTABILITY = YES;
				GCC_C_LANGUAGE_STANDARD = gnu11;
				GCC_DYNAMIC_NO_PIC = NO;
				GCC_NO_COMMON_BLOCKS = YES;
				GCC_OPTIMIZATION_LEVEL = 0;
				GCC_PREPROCESSOR_DEFINITIONS = (
					"DEBUG=1",
					"$(inherited)",
				);
				GCC_WARN_64_TO_32_BIT_CONVERSION = YES;
				GCC_WARN_ABOUT_RETURN_TYPE = YES_ERROR;
				GCC_WARN_UNDECLARED_SELECTOR = YES;
				GCC_WARN_UNINITIALIZED_AUTOS = YES_AGGRESSIVE;
				GCC_WARN_UNUSED_FUNCTION = YES;
				GCC_WARN_UNUSED_VARIABLE = YES;
				IPHONEOS_DEPLOYMENT_TARGET = 14.0;
				MTL_ENABLE_DEBUG_INFO = INCLUDE_SOURCE;
				MTL_FAST_MATH = YES;
				ONLY_ACTIVE_ARCH = YES;
				SDKROOT = iphoneos;
				SWIFT_ACTIVE_COMPILATION_CONDITIONS = DEBUG;
				SWIFT_OPTIMIZATION_LEVEL = "-Onone";
			};
			name = Debug;
		};
		8D4AED71261CA05E009A7EA9 /* Release */ = {
			isa = XCBuildConfiguration;
			buildSettings = {
				ALWAYS_SEARCH_USER_PATHS = NO;
				CLANG_ANALYZER_NONNULL = YES;
				CLANG_ANALYZER_NUMBER_OBJECT_CONVERSION = YES_AGGRESSIVE;
				CLANG_CXX_LANGUAGE_STANDARD = "gnu++14";
				CLANG_CXX_LIBRARY = "libc++";
				CLANG_ENABLE_MODULES = YES;
				CLANG_ENABLE_OBJC_ARC = YES;
				CLANG_ENABLE_OBJC_WEAK = YES;
				CLANG_WARN_BLOCK_CAPTURE_AUTORELEASING = YES;
				CLANG_WARN_BOOL_CONVERSION = YES;
				CLANG_WARN_COMMA = YES;
				CLANG_WARN_CONSTANT_CONVERSION = YES;
				CLANG_WARN_DEPRECATED_OBJC_IMPLEMENTATIONS = YES;
				CLANG_WARN_DIRECT_OBJC_ISA_USAGE = YES_ERROR;
				CLANG_WARN_DOCUMENTATION_COMMENTS = YES;
				CLANG_WARN_EMPTY_BODY = YES;
				CLANG_WARN_ENUM_CONVERSION = YES;
				CLANG_WARN_INFINITE_RECURSION = YES;
				CLANG_WARN_INT_CONVERSION = YES;
				CLANG_WARN_NON_LITERAL_NULL_CONVERSION = YES;
				CLANG_WARN_OBJC_IMPLICIT_RETAIN_SELF = YES;
				CLANG_WARN_OBJC_LITERAL_CONVERSION = YES;
				CLANG_WARN_OBJC_ROOT_CLASS = YES_ERROR;
				CLANG_WARN_QUOTED_INCLUDE_IN_FRAMEWORK_HEADER = YES;
				CLANG_WARN_RANGE_LOOP_ANALYSIS = YES;
				CLANG_WARN_STRICT_PROTOTYPES = YES;
				CLANG_WARN_SUSPICIOUS_MOVE = YES;
				CLANG_WARN_UNGUARDED_AVAILABILITY = YES_AGGRESSIVE;
				CLANG_WARN_UNREACHABLE_CODE = YES;
				CLANG_WARN__DUPLICATE_METHOD_MATCH = YES;
				COPY_PHASE_STRIP = NO;
				DEBUG_INFORMATION_FORMAT = "dwarf-with-dsym";
				ENABLE_NS_ASSERTIONS = NO;
				ENABLE_STRICT_OBJC_MSGSEND = YES;
				GCC_C_LANGUAGE_STANDARD = gnu11;
				GCC_NO_COMMON_BLOCKS = YES;
				GCC_WARN_64_TO_32_BIT_CONVERSION = YES;
				GCC_WARN_ABOUT_RETURN_TYPE = YES_ERROR;
				GCC_WARN_UNDECLARED_SELECTOR = YES;
				GCC_WARN_UNINITIALIZED_AUTOS = YES_AGGRESSIVE;
				GCC_WARN_UNUSED_FUNCTION = YES;
				GCC_WARN_UNUSED_VARIABLE = YES;
				IPHONEOS_DEPLOYMENT_TARGET = 14.0;
				MTL_ENABLE_DEBUG_INFO = NO;
				MTL_FAST_MATH = YES;
				SDKROOT = iphoneos;
				SWIFT_COMPILATION_MODE = wholemodule;
				SWIFT_OPTIMIZATION_LEVEL = "-O";
				VALIDATE_PRODUCT = YES;
			};
			name = Release;
		};
		8D4AED73261CA05E009A7EA9 /* Debug */ = {
			isa = XCBuildConfiguration;
			buildSettings = {
				ASSETCATALOG_COMPILER_APPICON_NAME = AppIcon;
				ASSETCATALOG_COMPILER_GLOBAL_ACCENT_COLOR_NAME = AccentColor;
				CODE_SIGN_STYLE = Automatic;
				DEVELOPMENT_TEAM = 2PQ5FSYHSV;
				INFOPLIST_FILE = Reddiget/Info.plist;
				LD_RUNPATH_SEARCH_PATHS = (
					"$(inherited)",
					"@executable_path/Frameworks",
				);
				PRODUCT_BUNDLE_IDENTIFIER = com.chrisduarte.Reddiget;
				PRODUCT_NAME = "$(TARGET_NAME)";
				SWIFT_VERSION = 5.0;
				TARGETED_DEVICE_FAMILY = "1,2";
			};
			name = Debug;
		};
		8D4AED74261CA05E009A7EA9 /* Release */ = {
			isa = XCBuildConfiguration;
			buildSettings = {
				ASSETCATALOG_COMPILER_APPICON_NAME = AppIcon;
				ASSETCATALOG_COMPILER_GLOBAL_ACCENT_COLOR_NAME = AccentColor;
				CODE_SIGN_STYLE = Automatic;
				DEVELOPMENT_TEAM = 2PQ5FSYHSV;
				INFOPLIST_FILE = Reddiget/Info.plist;
				LD_RUNPATH_SEARCH_PATHS = (
					"$(inherited)",
					"@executable_path/Frameworks",
				);
				PRODUCT_BUNDLE_IDENTIFIER = com.chrisduarte.Reddiget;
				PRODUCT_NAME = "$(TARGET_NAME)";
				SWIFT_VERSION = 5.0;
				TARGETED_DEVICE_FAMILY = "1,2";
			};
			name = Release;
		};
		8D4AED76261CA05E009A7EA9 /* Debug */ = {
			isa = XCBuildConfiguration;
			buildSettings = {
				ALWAYS_EMBED_SWIFT_STANDARD_LIBRARIES = YES;
				BUNDLE_LOADER = "$(TEST_HOST)";
				CODE_SIGN_STYLE = Automatic;
				DEVELOPMENT_TEAM = 2PQ5FSYHSV;
				INFOPLIST_FILE = ReddigetTests/Info.plist;
				IPHONEOS_DEPLOYMENT_TARGET = 14.0;
				LD_RUNPATH_SEARCH_PATHS = (
					"$(inherited)",
					"@executable_path/Frameworks",
					"@loader_path/Frameworks",
				);
				PRODUCT_BUNDLE_IDENTIFIER = com.chrisduarte.ReddigetTests;
				PRODUCT_NAME = "$(TARGET_NAME)";
				SWIFT_VERSION = 5.0;
				TARGETED_DEVICE_FAMILY = "1,2";
				TEST_HOST = "$(BUILT_PRODUCTS_DIR)/Reddiget.app/Reddiget";
			};
			name = Debug;
		};
		8D4AED77261CA05E009A7EA9 /* Release */ = {
			isa = XCBuildConfiguration;
			buildSettings = {
				ALWAYS_EMBED_SWIFT_STANDARD_LIBRARIES = YES;
				BUNDLE_LOADER = "$(TEST_HOST)";
				CODE_SIGN_STYLE = Automatic;
				DEVELOPMENT_TEAM = 2PQ5FSYHSV;
				INFOPLIST_FILE = ReddigetTests/Info.plist;
				IPHONEOS_DEPLOYMENT_TARGET = 14.0;
				LD_RUNPATH_SEARCH_PATHS = (
					"$(inherited)",
					"@executable_path/Frameworks",
					"@loader_path/Frameworks",
				);
				PRODUCT_BUNDLE_IDENTIFIER = com.chrisduarte.ReddigetTests;
				PRODUCT_NAME = "$(TARGET_NAME)";
				SWIFT_VERSION = 5.0;
				TARGETED_DEVICE_FAMILY = "1,2";
				TEST_HOST = "$(BUILT_PRODUCTS_DIR)/Reddiget.app/Reddiget";
			};
			name = Release;
		};
		8D4AED79261CA05E009A7EA9 /* Debug */ = {
			isa = XCBuildConfiguration;
			buildSettings = {
				ALWAYS_EMBED_SWIFT_STANDARD_LIBRARIES = YES;
				CODE_SIGN_STYLE = Automatic;
				DEVELOPMENT_TEAM = 2PQ5FSYHSV;
				INFOPLIST_FILE = ReddigetUITests/Info.plist;
				LD_RUNPATH_SEARCH_PATHS = (
					"$(inherited)",
					"@executable_path/Frameworks",
					"@loader_path/Frameworks",
				);
				PRODUCT_BUNDLE_IDENTIFIER = com.chrisduarte.ReddigetUITests;
				PRODUCT_NAME = "$(TARGET_NAME)";
				SWIFT_VERSION = 5.0;
				TARGETED_DEVICE_FAMILY = "1,2";
				TEST_TARGET_NAME = Reddiget;
			};
			name = Debug;
		};
		8D4AED7A261CA05E009A7EA9 /* Release */ = {
			isa = XCBuildConfiguration;
			buildSettings = {
				ALWAYS_EMBED_SWIFT_STANDARD_LIBRARIES = YES;
				CODE_SIGN_STYLE = Automatic;
				DEVELOPMENT_TEAM = 2PQ5FSYHSV;
				INFOPLIST_FILE = ReddigetUITests/Info.plist;
				LD_RUNPATH_SEARCH_PATHS = (
					"$(inherited)",
					"@executable_path/Frameworks",
					"@loader_path/Frameworks",
				);
				PRODUCT_BUNDLE_IDENTIFIER = com.chrisduarte.ReddigetUITests;
				PRODUCT_NAME = "$(TARGET_NAME)";
				SWIFT_VERSION = 5.0;
				TARGETED_DEVICE_FAMILY = "1,2";
				TEST_TARGET_NAME = Reddiget;
			};
			name = Release;
		};
/* End XCBuildConfiguration section */

/* Begin XCConfigurationList section */
		8D4AED43261CA05C009A7EA9 /* Build configuration list for PBXProject "Reddiget" */ = {
			isa = XCConfigurationList;
			buildConfigurations = (
				8D4AED70261CA05E009A7EA9 /* Debug */,
				8D4AED71261CA05E009A7EA9 /* Release */,
			);
			defaultConfigurationIsVisible = 0;
			defaultConfigurationName = Release;
		};
		8D4AED72261CA05E009A7EA9 /* Build configuration list for PBXNativeTarget "Reddiget" */ = {
			isa = XCConfigurationList;
			buildConfigurations = (
				8D4AED73261CA05E009A7EA9 /* Debug */,
				8D4AED74261CA05E009A7EA9 /* Release */,
			);
			defaultConfigurationIsVisible = 0;
			defaultConfigurationName = Release;
		};
		8D4AED75261CA05E009A7EA9 /* Build configuration list for PBXNativeTarget "ReddigetTests" */ = {
			isa = XCConfigurationList;
			buildConfigurations = (
				8D4AED76261CA05E009A7EA9 /* Debug */,
				8D4AED77261CA05E009A7EA9 /* Release */,
			);
			defaultConfigurationIsVisible = 0;
			defaultConfigurationName = Release;
		};
		8D4AED78261CA05E009A7EA9 /* Build configuration list for PBXNativeTarget "ReddigetUITests" */ = {
			isa = XCConfigurationList;
			buildConfigurations = (
				8D4AED79261CA05E009A7EA9 /* Debug */,
				8D4AED7A261CA05E009A7EA9 /* Release */,
			);
			defaultConfigurationIsVisible = 0;
			defaultConfigurationName = Release;
		};
/* End XCConfigurationList section */
	};
	rootObject = 8D4AED40261CA05C009A7EA9 /* Project object */;
}
